
Microsoft Visual Studio Solution File, Format Version 12.00
# Visual Studio Version 17
VisualStudioVersion = 17.4.33213.308
MinimumVisualStudioVersion = 10.0.40219.1
Project("{9A19103F-16F7-4668-BE54-9A1E7A4F7556}") = "TestTask.Domain", "TestTask.Domain\TestTask.Domain.csproj", "{265A9B8A-2AE2-4F69-8D1B-75B2834C4877}"
EndProject
Project("{9A19103F-16F7-4668-BE54-9A1E7A4F7556}") = "TestTask.Infrastructure", "TestTask.Infrastructure\TestTask.Infrastructure.csproj", "{90831D1E-EBD8-49CE-AB9D-DB472C74D00D}"
EndProject
Project("{9A19103F-16F7-4668-BE54-9A1E7A4F7556}") = "TestTask.API", "TestTask.API\TestTask.API.csproj", "{358AB1E6-BF3F-4798-A948-92DABF9715A7}"
EndProject
Global
	GlobalSection(SolutionConfigurationPlatforms) = preSolution
		Debug|Any CPU = Debug|Any CPU
		Release|Any CPU = Release|Any CPU
	EndGlobalSection
	GlobalSection(ProjectConfigurationPlatforms) = postSolution
		{265A9B8A-2AE2-4F69-8D1B-75B2834C4877}.Debug|Any CPU.ActiveCfg = Debug|Any CPU
		{265A9B8A-2AE2-4F69-8D1B-75B2834C4877}.Debug|Any CPU.Build.0 = Debug|Any CPU
		{265A9B8A-2AE2-4F69-8D1B-75B2834C4877}.Release|Any CPU.ActiveCfg = Release|Any CPU
		{265A9B8A-2AE2-4F69-8D1B-75B2834C4877}.Release|Any CPU.Build.0 = Release|Any CPU
		{90831D1E-EBD8-49CE-AB9D-DB472C74D00D}.Debug|Any CPU.ActiveCfg = Debug|Any CPU
		{90831D1E-EBD8-49CE-AB9D-DB472C74D00D}.Debug|Any CPU.Build.0 = Debug|Any CPU
		{90831D1E-EBD8-49CE-AB9D-DB472C74D00D}.Release|Any CPU.ActiveCfg = Release|Any CPU
		{90831D1E-EBD8-49CE-AB9D-DB472C74D00D}.Release|Any CPU.Build.0 = Release|Any CPU
		{358AB1E6-BF3F-4798-A948-92DABF9715A7}.Debug|Any CPU.ActiveCfg = Debug|Any CPU
		{358AB1E6-BF3F-4798-A948-92DABF9715A7}.Debug|Any CPU.Build.0 = Debug|Any CPU
		{358AB1E6-BF3F-4798-A948-92DABF9715A7}.Release|Any CPU.ActiveCfg = Release|Any CPU
		{358AB1E6-BF3F-4798-A948-92DABF9715A7}.Release|Any CPU.Build.0 = Release|Any CPU
	EndGlobalSection
	GlobalSection(SolutionProperties) = preSolution
		HideSolutionNode = FALSE
	EndGlobalSection
	GlobalSection(ExtensibilityGlobals) = postSolution
		SolutionGuid = {C24687B4-22B7-4A6C-A26D-80FCDA778064}
	EndGlobalSection
EndGlobal
